
Microsoft Visual Studio Solution File, Format Version 11.00
# Visual Studio 2010
Project("{FAE04EC0-301F-11D3-BF4B-00C04F79EFBC}") = "UnityEngine.UI", "UnityEngine.UI.csproj", "{D42CE85E-A0F7-C4DD-7F04-64198B2BE87F}"
EndProject
Project("{FAE04EC0-301F-11D3-BF4B-00C04F79EFBC}") = "UnityEngine.TestRunner", "UnityEngine.TestRunner.csproj", "{1B419FEA-C759-0750-BB36-7DD36ECB7CC3}"
EndProject
Project("{FAE04EC0-301F-11D3-BF4B-00C04F79EFBC}") = "com.unity.multiplayer-hlapi.Runtime", "com.unity.multiplayer-hlapi.Runtime.csproj", "{DABDD86A-BDD4-2568-5A56-340AE251FD36}"
EndProject
Project("{FAE04EC0-301F-11D3-BF4B-00C04F79EFBC}") = "Unity.TextMeshPro", "Unity.TextMeshPro.csproj", "{EBEEDDAC-8B40-1BB8-15BB-50CD87C8F772}"
EndProject
Project("{FAE04EC0-301F-11D3-BF4B-00C04F79EFBC}") = "Unity.Timeline", "Unity.Timeline.csproj", "{53F53EFE-0364-63E4-7899-0C84F912F9BA}"
EndProject
Project("{FAE04EC0-301F-11D3-BF4B-00C04F79EFBC}") = "Assembly-CSharp", "Assembly-CSharp.csproj", "{722A1DF4-58DB-C7B1-7827-B3AA4F773C9B}"
EndProject
Project("{FAE04EC0-301F-11D3-BF4B-00C04F79EFBC}") = "UnityEngine.Advertisements", "UnityEngine.Advertisements.csproj", "{68FCC746-BB7E-5181-1035-F6AC6DF577AF}"
EndProject
Project("{FAE04EC0-301F-11D3-BF4B-00C04F79EFBC}") = "Unity.Analytics.DataPrivacy", "Unity.Analytics.DataPrivacy.csproj", "{CB945FD8-DDB3-EE27-40FE-56D50AB775BC}"
EndProject
Project("{FAE04EC0-301F-11D3-BF4B-00C04F79EFBC}") = "UnityEngine.Monetization", "UnityEngine.Monetization.csproj", "{315F6670-7F56-6705-05C0-510D9960155D}"
EndProject
Project("{FAE04EC0-301F-11D3-BF4B-00C04F79EFBC}") = "UnityEngine.XR.LegacyInputHelpers", "UnityEngine.XR.LegacyInputHelpers.csproj", "{D70E50E1-8C0D-08B6-DA7B-015EDA660A5C}"
EndProject
Project("{FAE04EC0-301F-11D3-BF4B-00C04F79EFBC}") = "UnityEngine.SpatialTracking", "UnityEngine.SpatialTracking.csproj", "{844B3C37-E329-37F9-2D0C-4D67F93C7475}"
EndProject
Project("{FAE04EC0-301F-11D3-BF4B-00C04F79EFBC}") = "Unity.TextMeshPro.Editor", "Unity.TextMeshPro.Editor.csproj", "{85267F56-D2A1-9A44-219D-0CCC4B1BFC7E}"
EndProject
Project("{FAE04EC0-301F-11D3-BF4B-00C04F79EFBC}") = "Unity.Timeline.Editor", "Unity.Timeline.Editor.csproj", "{5B54692A-68D1-76FD-AD79-FA876E567269}"
EndProject
Project("{FAE04EC0-301F-11D3-BF4B-00C04F79EFBC}") = "UnityEditor.TestRunner", "UnityEditor.TestRunner.csproj", "{EAFB3448-42D8-2BA9-2BA1-AC0F06CA9407}"
EndProject
Project("{FAE04EC0-301F-11D3-BF4B-00C04F79EFBC}") = "Unity.2D.Sprite.Editor", "Unity.2D.Sprite.Editor.csproj", "{42508C2B-B258-F332-7FBD-47E8CB772C78}"
EndProject
Project("{FAE04EC0-301F-11D3-BF4B-00C04F79EFBC}") = "com.unity.multiplayer-hlapi.Editor", "com.unity.multiplayer-hlapi.Editor.csproj", "{3D120DB9-B0C6-06EE-0C98-C0920A537E3B}"
EndProject
Project("{FAE04EC0-301F-11D3-BF4B-00C04F79EFBC}") = "UnityEditor.UI", "UnityEditor.UI.csproj", "{C05AE3C4-6A48-7C5B-D2DA-594AE988FBB8}"
EndProject
Project("{FAE04EC0-301F-11D3-BF4B-00C04F79EFBC}") = "Unity.DeviceSimulator.Editor", "Unity.DeviceSimulator.Editor.csproj", "{883FAFD9-EEB0-0DBB-CA49-F99D863B5040}"
EndProject
Project("{FAE04EC0-301F-11D3-BF4B-00C04F79EFBC}") = "Unity.Rider.Editor", "Unity.Rider.Editor.csproj", "{3721E388-2ECB-0057-C213-DD2F61691429}"
EndProject
Project("{FAE04EC0-301F-11D3-BF4B-00C04F79EFBC}") = "Unity.2D.Tilemap.Editor", "Unity.2D.Tilemap.Editor.csproj", "{20F4CFAA-C8E1-EAAC-DC69-8EF7990BC5DE}"
EndProject
Project("{FAE04EC0-301F-11D3-BF4B-00C04F79EFBC}") = "Assembly-CSharp-Editor", "Assembly-CSharp-Editor.csproj", "{C99665B9-CF02-1407-8141-3EFB578A8A41}"
EndProject
Project("{FAE04EC0-301F-11D3-BF4B-00C04F79EFBC}") = "UnityEditor.XR.LegacyInputHelpers", "UnityEditor.XR.LegacyInputHelpers.csproj", "{5F64D25A-03F3-526B-2B2F-9D7799FEB8FA}"
EndProject
Project("{FAE04EC0-301F-11D3-BF4B-00C04F79EFBC}") = "Unity.CollabProxy.Editor", "Unity.CollabProxy.Editor.csproj", "{1AEDAFB1-BBC5-7924-99B4-B1D2B3C18F6D}"
EndProject
Project("{FAE04EC0-301F-11D3-BF4B-00C04F79EFBC}") = "com.unity.multiplayer-weaver.Editor", "com.unity.multiplayer-weaver.Editor.csproj", "{681BF6CE-5C2F-81E7-8FB1-F12BEBAFF534}"
EndProject
Project("{FAE04EC0-301F-11D3-BF4B-00C04F79EFBC}") = "Unity.VSCode.Editor", "Unity.VSCode.Editor.csproj", "{63F0CAE1-1067-31F1-1361-5BE14808545E}"
EndProject
Project("{FAE04EC0-301F-11D3-BF4B-00C04F79EFBC}") = "Unity.DeviceSimulator.Tests.Common", "Unity.DeviceSimulator.Tests.Common.csproj", "{AE9D9AA2-EFE4-28D0-0DE8-3EF6A19FB500}"
EndProject
Project("{FAE04EC0-301F-11D3-BF4B-00C04F79EFBC}") = "Assembly-CSharp-Editor-firstpass", "Assembly-CSharp-Editor-firstpass.csproj", "{F9B7BE11-C7B9-B749-BA83-752F0FF9FC68}"
EndProject
Project("{FAE04EC0-301F-11D3-BF4B-00C04F79EFBC}") = "UnityEditor.SpatialTracking", "UnityEditor.SpatialTracking.csproj", "{5611743C-5FBB-F2D3-5CCC-5622D2EEB51D}"
EndProject
Global
	GlobalSection(SolutionConfigurationPlatforms) = preSolution
		Debug|Any CPU = Debug|Any CPU
		Release|Any CPU = Release|Any CPU
	EndGlobalSection
	GlobalSection(ProjectConfigurationPlatforms) = postSolution
		{D42CE85E-A0F7-C4DD-7F04-64198B2BE87F}.Debug|Any CPU.ActiveCfg = Debug|Any CPU
		{D42CE85E-A0F7-C4DD-7F04-64198B2BE87F}.Debug|Any CPU.Build.0 = Debug|Any CPU
		{D42CE85E-A0F7-C4DD-7F04-64198B2BE87F}.Release|Any CPU.ActiveCfg = Release|Any CPU
		{D42CE85E-A0F7-C4DD-7F04-64198B2BE87F}.Release|Any CPU.Build.0 = Release|Any CPU
		{1B419FEA-C759-0750-BB36-7DD36ECB7CC3}.Debug|Any CPU.ActiveCfg = Debug|Any CPU
		{1B419FEA-C759-0750-BB36-7DD36ECB7CC3}.Debug|Any CPU.Build.0 = Debug|Any CPU
		{1B419FEA-C759-0750-BB36-7DD36ECB7CC3}.Release|Any CPU.ActiveCfg = Release|Any CPU
		{1B419FEA-C759-0750-BB36-7DD36ECB7CC3}.Release|Any CPU.Build.0 = Release|Any CPU
		{DABDD86A-BDD4-2568-5A56-340AE251FD36}.Debug|Any CPU.ActiveCfg = Debug|Any CPU
		{DABDD86A-BDD4-2568-5A56-340AE251FD36}.Debug|Any CPU.Build.0 = Debug|Any CPU
		{DABDD86A-BDD4-2568-5A56-340AE251FD36}.Release|Any CPU.ActiveCfg = Release|Any CPU
		{DABDD86A-BDD4-2568-5A56-340AE251FD36}.Release|Any CPU.Build.0 = Release|Any CPU
		{EBEEDDAC-8B40-1BB8-15BB-50CD87C8F772}.Debug|Any CPU.ActiveCfg = Debug|Any CPU
		{EBEEDDAC-8B40-1BB8-15BB-50CD87C8F772}.Debug|Any CPU.Build.0 = Debug|Any CPU
		{EBEEDDAC-8B40-1BB8-15BB-50CD87C8F772}.Release|Any CPU.ActiveCfg = Release|Any CPU
		{EBEEDDAC-8B40-1BB8-15BB-50CD87C8F772}.Release|Any CPU.Build.0 = Release|Any CPU
		{53F53EFE-0364-63E4-7899-0C84F912F9BA}.Debug|Any CPU.ActiveCfg = Debug|Any CPU
		{53F53EFE-0364-63E4-7899-0C84F912F9BA}.Debug|Any CPU.Build.0 = Debug|Any CPU
		{53F53EFE-0364-63E4-7899-0C84F912F9BA}.Release|Any CPU.ActiveCfg = Release|Any CPU
		{53F53EFE-0364-63E4-7899-0C84F912F9BA}.Release|Any CPU.Build.0 = Release|Any CPU
		{722A1DF4-58DB-C7B1-7827-B3AA4F773C9B}.Debug|Any CPU.ActiveCfg = Debug|Any CPU
		{722A1DF4-58DB-C7B1-7827-B3AA4F773C9B}.Debug|Any CPU.Build.0 = Debug|Any CPU
		{722A1DF4-58DB-C7B1-7827-B3AA4F773C9B}.Release|Any CPU.ActiveCfg = Release|Any CPU
		{722A1DF4-58DB-C7B1-7827-B3AA4F773C9B}.Release|Any CPU.Build.0 = Release|Any CPU
		{68FCC746-BB7E-5181-1035-F6AC6DF577AF}.Debug|Any CPU.ActiveCfg = Debug|Any CPU
		{68FCC746-BB7E-5181-1035-F6AC6DF577AF}.Debug|Any CPU.Build.0 = Debug|Any CPU
		{68FCC746-BB7E-5181-1035-F6AC6DF577AF}.Release|Any CPU.ActiveCfg = Release|Any CPU
		{68FCC746-BB7E-5181-1035-F6AC6DF577AF}.Release|Any CPU.Build.0 = Release|Any CPU
		{CB945FD8-DDB3-EE27-40FE-56D50AB775BC}.Debug|Any CPU.ActiveCfg = Debug|Any CPU
		{CB945FD8-DDB3-EE27-40FE-56D50AB775BC}.Debug|Any CPU.Build.0 = Debug|Any CPU
		{CB945FD8-DDB3-EE27-40FE-56D50AB775BC}.Release|Any CPU.ActiveCfg = Release|Any CPU
		{CB945FD8-DDB3-EE27-40FE-56D50AB775BC}.Release|Any CPU.Build.0 = Release|Any CPU
		{315F6670-7F56-6705-05C0-510D9960155D}.Debug|Any CPU.ActiveCfg = Debug|Any CPU
		{315F6670-7F56-6705-05C0-510D9960155D}.Debug|Any CPU.Build.0 = Debug|Any CPU
		{315F6670-7F56-6705-05C0-510D9960155D}.Release|Any CPU.ActiveCfg = Release|Any CPU
		{315F6670-7F56-6705-05C0-510D9960155D}.Release|Any CPU.Build.0 = Release|Any CPU
		{D70E50E1-8C0D-08B6-DA7B-015EDA660A5C}.Debug|Any CPU.ActiveCfg = Debug|Any CPU
		{D70E50E1-8C0D-08B6-DA7B-015EDA660A5C}.Debug|Any CPU.Build.0 = Debug|Any CPU
		{D70E50E1-8C0D-08B6-DA7B-015EDA660A5C}.Release|Any CPU.ActiveCfg = Release|Any CPU
		{D70E50E1-8C0D-08B6-DA7B-015EDA660A5C}.Release|Any CPU.Build.0 = Release|Any CPU
		{844B3C37-E329-37F9-2D0C-4D67F93C7475}.Debug|Any CPU.ActiveCfg = Debug|Any CPU
		{844B3C37-E329-37F9-2D0C-4D67F93C7475}.Debug|Any CPU.Build.0 = Debug|Any CPU
		{844B3C37-E329-37F9-2D0C-4D67F93C7475}.Release|Any CPU.ActiveCfg = Release|Any CPU
		{844B3C37-E329-37F9-2D0C-4D67F93C7475}.Release|Any CPU.Build.0 = Release|Any CPU
		{85267F56-D2A1-9A44-219D-0CCC4B1BFC7E}.Debug|Any CPU.ActiveCfg = Debug|Any CPU
		{85267F56-D2A1-9A44-219D-0CCC4B1BFC7E}.Debug|Any CPU.Build.0 = Debug|Any CPU
		{85267F56-D2A1-9A44-219D-0CCC4B1BFC7E}.Release|Any CPU.ActiveCfg = Release|Any CPU
		{85267F56-D2A1-9A44-219D-0CCC4B1BFC7E}.Release|Any CPU.Build.0 = Release|Any CPU
		{5B54692A-68D1-76FD-AD79-FA876E567269}.Debug|Any CPU.ActiveCfg = Debug|Any CPU
		{5B54692A-68D1-76FD-AD79-FA876E567269}.Debug|Any CPU.Build.0 = Debug|Any CPU
		{5B54692A-68D1-76FD-AD79-FA876E567269}.Release|Any CPU.ActiveCfg = Release|Any CPU
		{5B54692A-68D1-76FD-AD79-FA876E567269}.Release|Any CPU.Build.0 = Release|Any CPU
		{EAFB3448-42D8-2BA9-2BA1-AC0F06CA9407}.Debug|Any CPU.ActiveCfg = Debug|Any CPU
		{EAFB3448-42D8-2BA9-2BA1-AC0F06CA9407}.Debug|Any CPU.Build.0 = Debug|Any CPU
		{EAFB3448-42D8-2BA9-2BA1-AC0F06CA9407}.Release|Any CPU.ActiveCfg = Release|Any CPU
		{EAFB3448-42D8-2BA9-2BA1-AC0F06CA9407}.Release|Any CPU.Build.0 = Release|Any CPU
		{42508C2B-B258-F332-7FBD-47E8CB772C78}.Debug|Any CPU.ActiveCfg = Debug|Any CPU
		{42508C2B-B258-F332-7FBD-47E8CB772C78}.Debug|Any CPU.Build.0 = Debug|Any CPU
		{42508C2B-B258-F332-7FBD-47E8CB772C78}.Release|Any CPU.ActiveCfg = Release|Any CPU
		{42508C2B-B258-F332-7FBD-47E8CB772C78}.Release|Any CPU.Build.0 = Release|Any CPU
		{3D120DB9-B0C6-06EE-0C98-C0920A537E3B}.Debug|Any CPU.ActiveCfg = Debug|Any CPU
		{3D120DB9-B0C6-06EE-0C98-C0920A537E3B}.Debug|Any CPU.Build.0 = Debug|Any CPU
		{3D120DB9-B0C6-06EE-0C98-C0920A537E3B}.Release|Any CPU.ActiveCfg = Release|Any CPU
		{3D120DB9-B0C6-06EE-0C98-C0920A537E3B}.Release|Any CPU.Build.0 = Release|Any CPU
		{C05AE3C4-6A48-7C5B-D2DA-594AE988FBB8}.Debug|Any CPU.ActiveCfg = Debug|Any CPU
		{C05AE3C4-6A48-7C5B-D2DA-594AE988FBB8}.Debug|Any CPU.Build.0 = Debug|Any CPU
		{C05AE3C4-6A48-7C5B-D2DA-594AE988FBB8}.Release|Any CPU.ActiveCfg = Release|Any CPU
		{C05AE3C4-6A48-7C5B-D2DA-594AE988FBB8}.Release|Any CPU.Build.0 = Release|Any CPU
		{883FAFD9-EEB0-0DBB-CA49-F99D863B5040}.Debug|Any CPU.ActiveCfg = Debug|Any CPU
		{883FAFD9-EEB0-0DBB-CA49-F99D863B5040}.Debug|Any CPU.Build.0 = Debug|Any CPU
		{883FAFD9-EEB0-0DBB-CA49-F99D863B5040}.Release|Any CPU.ActiveCfg = Release|Any CPU
		{883FAFD9-EEB0-0DBB-CA49-F99D863B5040}.Release|Any CPU.Build.0 = Release|Any CPU
		{3721E388-2ECB-0057-C213-DD2F61691429}.Debug|Any CPU.ActiveCfg = Debug|Any CPU
		{3721E388-2ECB-0057-C213-DD2F61691429}.Debug|Any CPU.Build.0 = Debug|Any CPU
		{3721E388-2ECB-0057-C213-DD2F61691429}.Release|Any CPU.ActiveCfg = Release|Any CPU
		{3721E388-2ECB-0057-C213-DD2F61691429}.Release|Any CPU.Build.0 = Release|Any CPU
		{20F4CFAA-C8E1-EAAC-DC69-8EF7990BC5DE}.Debug|Any CPU.ActiveCfg = Debug|Any CPU
		{20F4CFAA-C8E1-EAAC-DC69-8EF7990BC5DE}.Debug|Any CPU.Build.0 = Debug|Any CPU
		{20F4CFAA-C8E1-EAAC-DC69-8EF7990BC5DE}.Release|Any CPU.ActiveCfg = Release|Any CPU
		{20F4CFAA-C8E1-EAAC-DC69-8EF7990BC5DE}.Release|Any CPU.Build.0 = Release|Any CPU
		{C99665B9-CF02-1407-8141-3EFB578A8A41}.Debug|Any CPU.ActiveCfg = Debug|Any CPU
		{C99665B9-CF02-1407-8141-3EFB578A8A41}.Debug|Any CPU.Build.0 = Debug|Any CPU
		{C99665B9-CF02-1407-8141-3EFB578A8A41}.Release|Any CPU.ActiveCfg = Release|Any CPU
		{C99665B9-CF02-1407-8141-3EFB578A8A41}.Release|Any CPU.Build.0 = Release|Any CPU
		{5F64D25A-03F3-526B-2B2F-9D7799FEB8FA}.Debug|Any CPU.ActiveCfg = Debug|Any CPU
		{5F64D25A-03F3-526B-2B2F-9D7799FEB8FA}.Debug|Any CPU.Build.0 = Debug|Any CPU
		{5F64D25A-03F3-526B-2B2F-9D7799FEB8FA}.Release|Any CPU.ActiveCfg = Release|Any CPU
		{5F64D25A-03F3-526B-2B2F-9D7799FEB8FA}.Release|Any CPU.Build.0 = Release|Any CPU
		{1AEDAFB1-BBC5-7924-99B4-B1D2B3C18F6D}.Debug|Any CPU.ActiveCfg = Debug|Any CPU
		{1AEDAFB1-BBC5-7924-99B4-B1D2B3C18F6D}.Debug|Any CPU.Build.0 = Debug|Any CPU
		{1AEDAFB1-BBC5-7924-99B4-B1D2B3C18F6D}.Release|Any CPU.ActiveCfg = Release|Any CPU
		{1AEDAFB1-BBC5-7924-99B4-B1D2B3C18F6D}.Release|Any CPU.Build.0 = Release|Any CPU
		{681BF6CE-5C2F-81E7-8FB1-F12BEBAFF534}.Debug|Any CPU.ActiveCfg = Debug|Any CPU
		{681BF6CE-5C2F-81E7-8FB1-F12BEBAFF534}.Debug|Any CPU.Build.0 = Debug|Any CPU
		{681BF6CE-5C2F-81E7-8FB1-F12BEBAFF534}.Release|Any CPU.ActiveCfg = Release|Any CPU
		{681BF6CE-5C2F-81E7-8FB1-F12BEBAFF534}.Release|Any CPU.Build.0 = Release|Any CPU
		{63F0CAE1-1067-31F1-1361-5BE14808545E}.Debug|Any CPU.ActiveCfg = Debug|Any CPU
		{63F0CAE1-1067-31F1-1361-5BE14808545E}.Debug|Any CPU.Build.0 = Debug|Any CPU
		{63F0CAE1-1067-31F1-1361-5BE14808545E}.Release|Any CPU.ActiveCfg = Release|Any CPU
		{63F0CAE1-1067-31F1-1361-5BE14808545E}.Release|Any CPU.Build.0 = Release|Any CPU
		{AE9D9AA2-EFE4-28D0-0DE8-3EF6A19FB500}.Debug|Any CPU.ActiveCfg = Debug|Any CPU
		{AE9D9AA2-EFE4-28D0-0DE8-3EF6A19FB500}.Debug|Any CPU.Build.0 = Debug|Any CPU
		{AE9D9AA2-EFE4-28D0-0DE8-3EF6A19FB500}.Release|Any CPU.ActiveCfg = Release|Any CPU
		{AE9D9AA2-EFE4-28D0-0DE8-3EF6A19FB500}.Release|Any CPU.Build.0 = Release|Any CPU
		{F9B7BE11-C7B9-B749-BA83-752F0FF9FC68}.Debug|Any CPU.ActiveCfg = Debug|Any CPU
		{F9B7BE11-C7B9-B749-BA83-752F0FF9FC68}.Debug|Any CPU.Build.0 = Debug|Any CPU
		{F9B7BE11-C7B9-B749-BA83-752F0FF9FC68}.Release|Any CPU.ActiveCfg = Release|Any CPU
		{F9B7BE11-C7B9-B749-BA83-752F0FF9FC68}.Release|Any CPU.Build.0 = Release|Any CPU
		{5611743C-5FBB-F2D3-5CCC-5622D2EEB51D}.Debug|Any CPU.ActiveCfg = Debug|Any CPU
		{5611743C-5FBB-F2D3-5CCC-5622D2EEB51D}.Debug|Any CPU.Build.0 = Debug|Any CPU
		{5611743C-5FBB-F2D3-5CCC-5622D2EEB51D}.Release|Any CPU.ActiveCfg = Release|Any CPU
		{5611743C-5FBB-F2D3-5CCC-5622D2EEB51D}.Release|Any CPU.Build.0 = Release|Any CPU
	EndGlobalSection
	GlobalSection(SolutionProperties) = preSolution
		HideSolutionNode = FALSE
	EndGlobalSection
EndGlobal
